
Microsoft Visual Studio Solution File, Format Version 12.00
# Visual Studio Version 17
VisualStudioVersion = 17.5.33530.505
MinimumVisualStudioVersion = 10.0.40219.1
Project("{FAE04EC0-301F-11D3-BF4B-00C04F79EFBC}") = "ReqRes_API", "ReqRes_API.csproj", "{EF8597F6-886B-4E84-B8FC-32F8AC287E46}"
EndProject
Global
	GlobalSection(SolutionConfigurationPlatforms) = preSolution
		Debug|Any CPU = Debug|Any CPU
		Release|Any CPU = Release|Any CPU
	EndGlobalSection
	GlobalSection(ProjectConfigurationPlatforms) = postSolution
		{EF8597F6-886B-4E84-B8FC-32F8AC287E46}.Debug|Any CPU.ActiveCfg = Debug|Any CPU
		{EF8597F6-886B-4E84-B8FC-32F8AC287E46}.Debug|Any CPU.Build.0 = Debug|Any CPU
		{EF8597F6-886B-4E84-B8FC-32F8AC287E46}.Release|Any CPU.ActiveCfg = Release|Any CPU
		{EF8597F6-886B-4E84-B8FC-32F8AC287E46}.Release|Any CPU.Build.0 = Release|Any CPU
	EndGlobalSection
	GlobalSection(SolutionProperties) = preSolution
		HideSolutionNode = FALSE
	EndGlobalSection
	GlobalSection(ExtensibilityGlobals) = postSolution
		SolutionGuid = {15A81F50-52F2-4FC2-9F90-1EC6A77F4591}
	EndGlobalSection
EndGlobal
